
Microsoft Visual Studio Solution File, Format Version 12.00
# Visual Studio 2012
Project("{FAE04EC0-301F-11D3-BF4B-00C04F79EFBC}") = "DAL_Leave", "DAL_Leave\DAL_Leave.csproj", "{CA06D9D8-A8DC-47E2-BD69-D67449E34EC4}"
EndProject
Global
	GlobalSection(SolutionConfigurationPlatforms) = preSolution
		Debug|Any CPU = Debug|Any CPU
		Release|Any CPU = Release|Any CPU
	EndGlobalSection
	GlobalSection(ProjectConfigurationPlatforms) = postSolution
		{CA06D9D8-A8DC-47E2-BD69-D67449E34EC4}.Debug|Any CPU.ActiveCfg = Debug|Any CPU
		{CA06D9D8-A8DC-47E2-BD69-D67449E34EC4}.Debug|Any CPU.Build.0 = Debug|Any CPU
		{CA06D9D8-A8DC-47E2-BD69-D67449E34EC4}.Release|Any CPU.ActiveCfg = Release|Any CPU
		{CA06D9D8-A8DC-47E2-BD69-D67449E34EC4}.Release|Any CPU.Build.0 = Release|Any CPU
	EndGlobalSection
	GlobalSection(SolutionProperties) = preSolution
		HideSolutionNode = FALSE
	EndGlobalSection
EndGlobal
